
Microsoft Visual Studio Solution File, Format Version 12.00
# Visual Studio Version 17
VisualStudioVersion = 17.6.33801.468
MinimumVisualStudioVersion = 10.0.40219.1
Project("{FAE04EC0-301F-11D3-BF4B-00C04F79EFBC}") = "SuezBank", "SuezBank\SuezBank.csproj", "{62206D76-DF38-4EED-9DA8-2938016EB23B}"
EndProject
Global
	GlobalSection(SolutionConfigurationPlatforms) = preSolution
		Debug|Any CPU = Debug|Any CPU
		Release|Any CPU = Release|Any CPU
	EndGlobalSection
	GlobalSection(ProjectConfigurationPlatforms) = postSolution
		{62206D76-DF38-4EED-9DA8-2938016EB23B}.Debug|Any CPU.ActiveCfg = Debug|Any CPU
		{62206D76-DF38-4EED-9DA8-2938016EB23B}.Debug|Any CPU.Build.0 = Debug|Any CPU
		{62206D76-DF38-4EED-9DA8-2938016EB23B}.Release|Any CPU.ActiveCfg = Release|Any CPU
		{62206D76-DF38-4EED-9DA8-2938016EB23B}.Release|Any CPU.Build.0 = Release|Any CPU
	EndGlobalSection
	GlobalSection(SolutionProperties) = preSolution
		HideSolutionNode = FALSE
	EndGlobalSection
	GlobalSection(ExtensibilityGlobals) = postSolution
		SolutionGuid = {CBD3B6E2-E71D-4668-985C-F97E91E9A59B}
	EndGlobalSection
EndGlobal
